
Microsoft Visual Studio Solution File, Format Version 12.00
# Visual Studio Version 16
VisualStudioVersion = 16.0.30907.101
MinimumVisualStudioVersion = 10.0.40219.1
Project("{FAE04EC0-301F-11D3-BF4B-00C04F79EFBC}") = "ClassMetotDemo", "ClassMetotDemo\ClassMetotDemo.csproj", "{016EBCDF-9C16-4A99-9023-7DF267A345DD}"
EndProject
Global
	GlobalSection(SolutionConfigurationPlatforms) = preSolution
		Debug|Any CPU = Debug|Any CPU
		Release|Any CPU = Release|Any CPU
	EndGlobalSection
	GlobalSection(ProjectConfigurationPlatforms) = postSolution
		{016EBCDF-9C16-4A99-9023-7DF267A345DD}.Debug|Any CPU.ActiveCfg = Debug|Any CPU
		{016EBCDF-9C16-4A99-9023-7DF267A345DD}.Debug|Any CPU.Build.0 = Debug|Any CPU
		{016EBCDF-9C16-4A99-9023-7DF267A345DD}.Release|Any CPU.ActiveCfg = Release|Any CPU
		{016EBCDF-9C16-4A99-9023-7DF267A345DD}.Release|Any CPU.Build.0 = Release|Any CPU
	EndGlobalSection
	GlobalSection(SolutionProperties) = preSolution
		HideSolutionNode = FALSE
	EndGlobalSection
	GlobalSection(ExtensibilityGlobals) = postSolution
		SolutionGuid = {6572EFD6-D930-467C-AED2-EC2C4BBF9D62}
	EndGlobalSection
EndGlobal
